
Microsoft Visual Studio Solution File, Format Version 12.00
# Visual Studio 15
VisualStudioVersion = 15.0.26730.16
MinimumVisualStudioVersion = 10.0.40219.1
Project("{FAE04EC0-301F-11D3-BF4B-00C04F79EFBC}") = "DDD.Model", "DDD.Model\DDD.Model.csproj", "{98ACF7D4-F725-4364-8239-9E7BFC2D0A4E}"
EndProject
Project("{FAE04EC0-301F-11D3-BF4B-00C04F79EFBC}") = "DDD.AppService", "DDD.AppService\DDD.AppService.csproj", "{8B1A5883-940A-472D-B247-D20079A418D3}"
EndProject
Project("{FAE04EC0-301F-11D3-BF4B-00C04F79EFBC}") = "DDD.Repository", "DDD.Repository\DDD.Repository.csproj", "{56E5B819-3E76-4339-B2C0-B7324905EFA3}"
EndProject
Project("{FAE04EC0-301F-11D3-BF4B-00C04F79EFBC}") = "DDD.UI.Web", "DDD.UI.Web\DDD.UI.Web.csproj", "{00350743-D238-4334-9A5C-94D19A36770D}"
EndProject
Global
	GlobalSection(SolutionConfigurationPlatforms) = preSolution
		Debug|Any CPU = Debug|Any CPU
		Release|Any CPU = Release|Any CPU
	EndGlobalSection
	GlobalSection(ProjectConfigurationPlatforms) = postSolution
		{98ACF7D4-F725-4364-8239-9E7BFC2D0A4E}.Debug|Any CPU.ActiveCfg = Debug|Any CPU
		{98ACF7D4-F725-4364-8239-9E7BFC2D0A4E}.Debug|Any CPU.Build.0 = Debug|Any CPU
		{98ACF7D4-F725-4364-8239-9E7BFC2D0A4E}.Release|Any CPU.ActiveCfg = Release|Any CPU
		{98ACF7D4-F725-4364-8239-9E7BFC2D0A4E}.Release|Any CPU.Build.0 = Release|Any CPU
		{8B1A5883-940A-472D-B247-D20079A418D3}.Debug|Any CPU.ActiveCfg = Debug|Any CPU
		{8B1A5883-940A-472D-B247-D20079A418D3}.Debug|Any CPU.Build.0 = Debug|Any CPU
		{8B1A5883-940A-472D-B247-D20079A418D3}.Release|Any CPU.ActiveCfg = Release|Any CPU
		{8B1A5883-940A-472D-B247-D20079A418D3}.Release|Any CPU.Build.0 = Release|Any CPU
		{56E5B819-3E76-4339-B2C0-B7324905EFA3}.Debug|Any CPU.ActiveCfg = Debug|Any CPU
		{56E5B819-3E76-4339-B2C0-B7324905EFA3}.Debug|Any CPU.Build.0 = Debug|Any CPU
		{56E5B819-3E76-4339-B2C0-B7324905EFA3}.Release|Any CPU.ActiveCfg = Release|Any CPU
		{56E5B819-3E76-4339-B2C0-B7324905EFA3}.Release|Any CPU.Build.0 = Release|Any CPU
		{00350743-D238-4334-9A5C-94D19A36770D}.Debug|Any CPU.ActiveCfg = Debug|Any CPU
		{00350743-D238-4334-9A5C-94D19A36770D}.Debug|Any CPU.Build.0 = Debug|Any CPU
		{00350743-D238-4334-9A5C-94D19A36770D}.Release|Any CPU.ActiveCfg = Release|Any CPU
		{00350743-D238-4334-9A5C-94D19A36770D}.Release|Any CPU.Build.0 = Release|Any CPU
	EndGlobalSection
	GlobalSection(SolutionProperties) = preSolution
		HideSolutionNode = FALSE
	EndGlobalSection
	GlobalSection(ExtensibilityGlobals) = postSolution
		SolutionGuid = {3FC0ED3F-5378-47DE-979D-2B8400E10361}
	EndGlobalSection
EndGlobal
